
Microsoft Visual Studio Solution File, Format Version 12.00
# Visual Studio 15
Project("{FAE04EC0-301F-11D3-BF4B-00C04F79EFBC}") = "UnityEngine.TestRunner", "UnityEngine.TestRunner.csproj", "{AE135564-732B-7B1D-D38A-8B4A88B07433}"
EndProject
Project("{FAE04EC0-301F-11D3-BF4B-00C04F79EFBC}") = "Unity.Mathematics", "Unity.Mathematics.csproj", "{97FEB886-2457-8A8B-FE87-991A8E16C682}"
EndProject
Project("{FAE04EC0-301F-11D3-BF4B-00C04F79EFBC}") = "Unity.InputSystem", "Unity.InputSystem.csproj", "{4C7894CD-D3D6-B437-E928-44B9D6257C8F}"
EndProject
Project("{FAE04EC0-301F-11D3-BF4B-00C04F79EFBC}") = "Unity.2D.Animation.Triangle.Runtime", "Unity.2D.Animation.Triangle.Runtime.csproj", "{44885AD5-EF4E-C554-2FA8-2355C475171A}"
EndProject
Project("{FAE04EC0-301F-11D3-BF4B-00C04F79EFBC}") = "Unity.Timeline", "Unity.Timeline.csproj", "{2BEEB3D5-9739-916F-1089-0EF9703E33E8}"
EndProject
Project("{FAE04EC0-301F-11D3-BF4B-00C04F79EFBC}") = "Unity.TextMeshPro", "Unity.TextMeshPro.csproj", "{A7266EA0-EB23-7A53-BD5A-DFCA79E4FB7E}"
EndProject
Project("{FAE04EC0-301F-11D3-BF4B-00C04F79EFBC}") = "Assembly-CSharp", "Assembly-CSharp.csproj", "{0C603F26-433D-572E-C237-D6161F9E4BE2}"
EndProject
Project("{FAE04EC0-301F-11D3-BF4B-00C04F79EFBC}") = "Unity.2D.Animation.Runtime", "Unity.2D.Animation.Runtime.csproj", "{2C108552-38C1-419A-A421-1E1BE2FB42B6}"
EndProject
Project("{FAE04EC0-301F-11D3-BF4B-00C04F79EFBC}") = "Unity.2D.IK.Runtime", "Unity.2D.IK.Runtime.csproj", "{F1171FB8-6732-CE57-EF7C-B381C75F43E2}"
EndProject
Project("{FAE04EC0-301F-11D3-BF4B-00C04F79EFBC}") = "Unity.2D.SpriteShape.Runtime", "Unity.2D.SpriteShape.Runtime.csproj", "{276B0EDB-C91E-5230-B45B-AEFEDD464EEE}"
EndProject
Project("{FAE04EC0-301F-11D3-BF4B-00C04F79EFBC}") = "Unity.2D.PixelPerfect", "Unity.2D.PixelPerfect.csproj", "{F6B43D1A-1FC4-692C-59C1-FEFF4CD91535}"
EndProject
Project("{FAE04EC0-301F-11D3-BF4B-00C04F79EFBC}") = "Unity.2D.Common.Runtime", "Unity.2D.Common.Runtime.csproj", "{A8A67F4B-70EB-C4A1-5EC0-1882235F673E}"
EndProject
Project("{FAE04EC0-301F-11D3-BF4B-00C04F79EFBC}") = "Unity.InternalAPIEngineBridge.001", "Unity.InternalAPIEngineBridge.001.csproj", "{07B4CBFF-F8B4-8758-0A5D-76255992FF85}"
EndProject
Project("{FAE04EC0-301F-11D3-BF4B-00C04F79EFBC}") = "Unity.Timeline.Editor", "Unity.Timeline.Editor.csproj", "{489A182B-DA70-FDEA-3A35-FC3E868B3B5A}"
EndProject
Project("{FAE04EC0-301F-11D3-BF4B-00C04F79EFBC}") = "Unity.TextMeshPro.Editor", "Unity.TextMeshPro.Editor.csproj", "{FE13DB54-9BE6-B1B4-4B53-C15D8C6A6458}"
EndProject
Project("{FAE04EC0-301F-11D3-BF4B-00C04F79EFBC}") = "Unity.2D.Animation.Editor", "Unity.2D.Animation.Editor.csproj", "{5EB51974-9A94-BB70-BFDD-23A1E6977288}"
EndProject
Project("{FAE04EC0-301F-11D3-BF4B-00C04F79EFBC}") = "UnityEditor.TestRunner", "UnityEditor.TestRunner.csproj", "{8BB69646-ECE8-784D-F26C-0E4A98D5B187}"
EndProject
Project("{FAE04EC0-301F-11D3-BF4B-00C04F79EFBC}") = "Unity.PlasticSCM.Editor", "Unity.PlasticSCM.Editor.csproj", "{8D37F230-83A7-DEDA-15B6-6674345F934F}"
EndProject
Project("{FAE04EC0-301F-11D3-BF4B-00C04F79EFBC}") = "Unity.Services.Core.Editor", "Unity.Services.Core.Editor.csproj", "{1EDD784F-3424-1F97-6834-DB800F5CAC15}"
EndProject
Project("{FAE04EC0-301F-11D3-BF4B-00C04F79EFBC}") = "Unity.VisualStudio.Editor", "Unity.VisualStudio.Editor.csproj", "{CE7462A6-E2AE-E459-6199-07096EC67787}"
EndProject
Project("{FAE04EC0-301F-11D3-BF4B-00C04F79EFBC}") = "Unity.2D.Psdimporter.Editor", "Unity.2D.Psdimporter.Editor.csproj", "{96CFA138-02B3-52C1-B04B-964F0516BA05}"
EndProject
Project("{FAE04EC0-301F-11D3-BF4B-00C04F79EFBC}") = "Unity.2D.SpriteShape.Editor", "Unity.2D.SpriteShape.Editor.csproj", "{F04A1544-120B-7DF2-A6DA-CF0AA73E1438}"
EndProject
Project("{FAE04EC0-301F-11D3-BF4B-00C04F79EFBC}") = "Unity.CollabProxy.Editor", "Unity.CollabProxy.Editor.csproj", "{4A3DE1BB-2DD9-C462-B30A-7EEE1E5CDA4E}"
EndProject
Project("{FAE04EC0-301F-11D3-BF4B-00C04F79EFBC}") = "PsdPlugin", "PsdPlugin.csproj", "{E98F36DD-0DE5-EDB5-E6A5-1035EB0ECF33}"
EndProject
Project("{FAE04EC0-301F-11D3-BF4B-00C04F79EFBC}") = "Unity.2D.Path.Editor", "Unity.2D.Path.Editor.csproj", "{39217C99-96B2-1B74-EEBE-04BEB9AA2F80}"
EndProject
Project("{FAE04EC0-301F-11D3-BF4B-00C04F79EFBC}") = "Unity.Rider.Editor", "Unity.Rider.Editor.csproj", "{999935FD-AD76-E03B-8DC3-5766A8446569}"
EndProject
Project("{FAE04EC0-301F-11D3-BF4B-00C04F79EFBC}") = "Unity.2D.IK.Editor", "Unity.2D.IK.Editor.csproj", "{40C13029-9DFF-BBF8-8131-AEEB33C63487}"
EndProject
Project("{FAE04EC0-301F-11D3-BF4B-00C04F79EFBC}") = "Unity.2D.PixelPerfect.Editor", "Unity.2D.PixelPerfect.Editor.csproj", "{B62EEA29-1C31-96A9-6300-2AC5B5A457ED}"
EndProject
Project("{FAE04EC0-301F-11D3-BF4B-00C04F79EFBC}") = "Unity.VSCode.Editor", "Unity.VSCode.Editor.csproj", "{403FDDF5-B84F-88AA-223D-1E73325344DD}"
EndProject
Project("{FAE04EC0-301F-11D3-BF4B-00C04F79EFBC}") = "Unity.2D.Common.Editor", "Unity.2D.Common.Editor.csproj", "{813503F4-55B9-A18B-CFFC-A3DCA53BC0C6}"
EndProject
Project("{FAE04EC0-301F-11D3-BF4B-00C04F79EFBC}") = "Unity.Mathematics.Editor", "Unity.Mathematics.Editor.csproj", "{5EE5B4E1-34B4-3CD9-1817-48A4BC367855}"
EndProject
Project("{FAE04EC0-301F-11D3-BF4B-00C04F79EFBC}") = "Unity.InternalAPIEditorBridge.001", "Unity.InternalAPIEditorBridge.001.csproj", "{16425678-1513-0350-5D69-3EDB4B4629EB}"
EndProject
Global
	GlobalSection(SolutionConfigurationPlatforms) = preSolution
		Debug|Any CPU = Debug|Any CPU
		Release|Any CPU = Release|Any CPU
	EndGlobalSection
	GlobalSection(ProjectConfigurationPlatforms) = postSolution
		{AE135564-732B-7B1D-D38A-8B4A88B07433}.Debug|Any CPU.ActiveCfg = Debug|Any CPU
		{AE135564-732B-7B1D-D38A-8B4A88B07433}.Debug|Any CPU.Build.0 = Debug|Any CPU
		{AE135564-732B-7B1D-D38A-8B4A88B07433}.Release|Any CPU.ActiveCfg = Release|Any CPU
		{AE135564-732B-7B1D-D38A-8B4A88B07433}.Release|Any CPU.Build.0 = Release|Any CPU
		{97FEB886-2457-8A8B-FE87-991A8E16C682}.Debug|Any CPU.ActiveCfg = Debug|Any CPU
		{97FEB886-2457-8A8B-FE87-991A8E16C682}.Debug|Any CPU.Build.0 = Debug|Any CPU
		{97FEB886-2457-8A8B-FE87-991A8E16C682}.Release|Any CPU.ActiveCfg = Release|Any CPU
		{97FEB886-2457-8A8B-FE87-991A8E16C682}.Release|Any CPU.Build.0 = Release|Any CPU
		{4C7894CD-D3D6-B437-E928-44B9D6257C8F}.Debug|Any CPU.ActiveCfg = Debug|Any CPU
		{4C7894CD-D3D6-B437-E928-44B9D6257C8F}.Debug|Any CPU.Build.0 = Debug|Any CPU
		{4C7894CD-D3D6-B437-E928-44B9D6257C8F}.Release|Any CPU.ActiveCfg = Release|Any CPU
		{4C7894CD-D3D6-B437-E928-44B9D6257C8F}.Release|Any CPU.Build.0 = Release|Any CPU
		{44885AD5-EF4E-C554-2FA8-2355C475171A}.Debug|Any CPU.ActiveCfg = Debug|Any CPU
		{44885AD5-EF4E-C554-2FA8-2355C475171A}.Debug|Any CPU.Build.0 = Debug|Any CPU
		{44885AD5-EF4E-C554-2FA8-2355C475171A}.Release|Any CPU.ActiveCfg = Release|Any CPU
		{44885AD5-EF4E-C554-2FA8-2355C475171A}.Release|Any CPU.Build.0 = Release|Any CPU
		{2BEEB3D5-9739-916F-1089-0EF9703E33E8}.Debug|Any CPU.ActiveCfg = Debug|Any CPU
		{2BEEB3D5-9739-916F-1089-0EF9703E33E8}.Debug|Any CPU.Build.0 = Debug|Any CPU
		{2BEEB3D5-9739-916F-1089-0EF9703E33E8}.Release|Any CPU.ActiveCfg = Release|Any CPU
		{2BEEB3D5-9739-916F-1089-0EF9703E33E8}.Release|Any CPU.Build.0 = Release|Any CPU
		{A7266EA0-EB23-7A53-BD5A-DFCA79E4FB7E}.Debug|Any CPU.ActiveCfg = Debug|Any CPU
		{A7266EA0-EB23-7A53-BD5A-DFCA79E4FB7E}.Debug|Any CPU.Build.0 = Debug|Any CPU
		{A7266EA0-EB23-7A53-BD5A-DFCA79E4FB7E}.Release|Any CPU.ActiveCfg = Release|Any CPU
		{A7266EA0-EB23-7A53-BD5A-DFCA79E4FB7E}.Release|Any CPU.Build.0 = Release|Any CPU
		{0C603F26-433D-572E-C237-D6161F9E4BE2}.Debug|Any CPU.ActiveCfg = Debug|Any CPU
		{0C603F26-433D-572E-C237-D6161F9E4BE2}.Debug|Any CPU.Build.0 = Debug|Any CPU
		{0C603F26-433D-572E-C237-D6161F9E4BE2}.Release|Any CPU.ActiveCfg = Release|Any CPU
		{0C603F26-433D-572E-C237-D6161F9E4BE2}.Release|Any CPU.Build.0 = Release|Any CPU
		{2C108552-38C1-419A-A421-1E1BE2FB42B6}.Debug|Any CPU.ActiveCfg = Debug|Any CPU
		{2C108552-38C1-419A-A421-1E1BE2FB42B6}.Debug|Any CPU.Build.0 = Debug|Any CPU
		{2C108552-38C1-419A-A421-1E1BE2FB42B6}.Release|Any CPU.ActiveCfg = Release|Any CPU
		{2C108552-38C1-419A-A421-1E1BE2FB42B6}.Release|Any CPU.Build.0 = Release|Any CPU
		{F1171FB8-6732-CE57-EF7C-B381C75F43E2}.Debug|Any CPU.ActiveCfg = Debug|Any CPU
		{F1171FB8-6732-CE57-EF7C-B381C75F43E2}.Debug|Any CPU.Build.0 = Debug|Any CPU
		{F1171FB8-6732-CE57-EF7C-B381C75F43E2}.Release|Any CPU.ActiveCfg = Release|Any CPU
		{F1171FB8-6732-CE57-EF7C-B381C75F43E2}.Release|Any CPU.Build.0 = Release|Any CPU
		{276B0EDB-C91E-5230-B45B-AEFEDD464EEE}.Debug|Any CPU.ActiveCfg = Debug|Any CPU
		{276B0EDB-C91E-5230-B45B-AEFEDD464EEE}.Debug|Any CPU.Build.0 = Debug|Any CPU
		{276B0EDB-C91E-5230-B45B-AEFEDD464EEE}.Release|Any CPU.ActiveCfg = Release|Any CPU
		{276B0EDB-C91E-5230-B45B-AEFEDD464EEE}.Release|Any CPU.Build.0 = Release|Any CPU
		{F6B43D1A-1FC4-692C-59C1-FEFF4CD91535}.Debug|Any CPU.ActiveCfg = Debug|Any CPU
		{F6B43D1A-1FC4-692C-59C1-FEFF4CD91535}.Debug|Any CPU.Build.0 = Debug|Any CPU
		{F6B43D1A-1FC4-692C-59C1-FEFF4CD91535}.Release|Any CPU.ActiveCfg = Release|Any CPU
		{F6B43D1A-1FC4-692C-59C1-FEFF4CD91535}.Release|Any CPU.Build.0 = Release|Any CPU
		{A8A67F4B-70EB-C4A1-5EC0-1882235F673E}.Debug|Any CPU.ActiveCfg = Debug|Any CPU
		{A8A67F4B-70EB-C4A1-5EC0-1882235F673E}.Debug|Any CPU.Build.0 = Debug|Any CPU
		{A8A67F4B-70EB-C4A1-5EC0-1882235F673E}.Release|Any CPU.ActiveCfg = Release|Any CPU
		{A8A67F4B-70EB-C4A1-5EC0-1882235F673E}.Release|Any CPU.Build.0 = Release|Any CPU
		{07B4CBFF-F8B4-8758-0A5D-76255992FF85}.Debug|Any CPU.ActiveCfg = Debug|Any CPU
		{07B4CBFF-F8B4-8758-0A5D-76255992FF85}.Debug|Any CPU.Build.0 = Debug|Any CPU
		{07B4CBFF-F8B4-8758-0A5D-76255992FF85}.Release|Any CPU.ActiveCfg = Release|Any CPU
		{07B4CBFF-F8B4-8758-0A5D-76255992FF85}.Release|Any CPU.Build.0 = Release|Any CPU
		{489A182B-DA70-FDEA-3A35-FC3E868B3B5A}.Debug|Any CPU.ActiveCfg = Debug|Any CPU
		{489A182B-DA70-FDEA-3A35-FC3E868B3B5A}.Debug|Any CPU.Build.0 = Debug|Any CPU
		{489A182B-DA70-FDEA-3A35-FC3E868B3B5A}.Release|Any CPU.ActiveCfg = Release|Any CPU
		{489A182B-DA70-FDEA-3A35-FC3E868B3B5A}.Release|Any CPU.Build.0 = Release|Any CPU
		{FE13DB54-9BE6-B1B4-4B53-C15D8C6A6458}.Debug|Any CPU.ActiveCfg = Debug|Any CPU
		{FE13DB54-9BE6-B1B4-4B53-C15D8C6A6458}.Debug|Any CPU.Build.0 = Debug|Any CPU
		{FE13DB54-9BE6-B1B4-4B53-C15D8C6A6458}.Release|Any CPU.ActiveCfg = Release|Any CPU
		{FE13DB54-9BE6-B1B4-4B53-C15D8C6A6458}.Release|Any CPU.Build.0 = Release|Any CPU
		{5EB51974-9A94-BB70-BFDD-23A1E6977288}.Debug|Any CPU.ActiveCfg = Debug|Any CPU
		{5EB51974-9A94-BB70-BFDD-23A1E6977288}.Debug|Any CPU.Build.0 = Debug|Any CPU
		{5EB51974-9A94-BB70-BFDD-23A1E6977288}.Release|Any CPU.ActiveCfg = Release|Any CPU
		{5EB51974-9A94-BB70-BFDD-23A1E6977288}.Release|Any CPU.Build.0 = Release|Any CPU
		{8BB69646-ECE8-784D-F26C-0E4A98D5B187}.Debug|Any CPU.ActiveCfg = Debug|Any CPU
		{8BB69646-ECE8-784D-F26C-0E4A98D5B187}.Debug|Any CPU.Build.0 = Debug|Any CPU
		{8BB69646-ECE8-784D-F26C-0E4A98D5B187}.Release|Any CPU.ActiveCfg = Release|Any CPU
		{8BB69646-ECE8-784D-F26C-0E4A98D5B187}.Release|Any CPU.Build.0 = Release|Any CPU
		{8D37F230-83A7-DEDA-15B6-6674345F934F}.Debug|Any CPU.ActiveCfg = Debug|Any CPU
		{8D37F230-83A7-DEDA-15B6-6674345F934F}.Debug|Any CPU.Build.0 = Debug|Any CPU
		{8D37F230-83A7-DEDA-15B6-6674345F934F}.Release|Any CPU.ActiveCfg = Release|Any CPU
		{8D37F230-83A7-DEDA-15B6-6674345F934F}.Release|Any CPU.Build.0 = Release|Any CPU
		{1EDD784F-3424-1F97-6834-DB800F5CAC15}.Debug|Any CPU.ActiveCfg = Debug|Any CPU
		{1EDD784F-3424-1F97-6834-DB800F5CAC15}.Debug|Any CPU.Build.0 = Debug|Any CPU
		{1EDD784F-3424-1F97-6834-DB800F5CAC15}.Release|Any CPU.ActiveCfg = Release|Any CPU
		{1EDD784F-3424-1F97-6834-DB800F5CAC15}.Release|Any CPU.Build.0 = Release|Any CPU
		{CE7462A6-E2AE-E459-6199-07096EC67787}.Debug|Any CPU.ActiveCfg = Debug|Any CPU
		{CE7462A6-E2AE-E459-6199-07096EC67787}.Debug|Any CPU.Build.0 = Debug|Any CPU
		{CE7462A6-E2AE-E459-6199-07096EC67787}.Release|Any CPU.ActiveCfg = Release|Any CPU
		{CE7462A6-E2AE-E459-6199-07096EC67787}.Release|Any CPU.Build.0 = Release|Any CPU
		{96CFA138-02B3-52C1-B04B-964F0516BA05}.Debug|Any CPU.ActiveCfg = Debug|Any CPU
		{96CFA138-02B3-52C1-B04B-964F0516BA05}.Debug|Any CPU.Build.0 = Debug|Any CPU
		{96CFA138-02B3-52C1-B04B-964F0516BA05}.Release|Any CPU.ActiveCfg = Release|Any CPU
		{96CFA138-02B3-52C1-B04B-964F0516BA05}.Release|Any CPU.Build.0 = Release|Any CPU
		{F04A1544-120B-7DF2-A6DA-CF0AA73E1438}.Debug|Any CPU.ActiveCfg = Debug|Any CPU
		{F04A1544-120B-7DF2-A6DA-CF0AA73E1438}.Debug|Any CPU.Build.0 = Debug|Any CPU
		{F04A1544-120B-7DF2-A6DA-CF0AA73E1438}.Release|Any CPU.ActiveCfg = Release|Any CPU
		{F04A1544-120B-7DF2-A6DA-CF0AA73E1438}.Release|Any CPU.Build.0 = Release|Any CPU
		{4A3DE1BB-2DD9-C462-B30A-7EEE1E5CDA4E}.Debug|Any CPU.ActiveCfg = Debug|Any CPU
		{4A3DE1BB-2DD9-C462-B30A-7EEE1E5CDA4E}.Debug|Any CPU.Build.0 = Debug|Any CPU
		{4A3DE1BB-2DD9-C462-B30A-7EEE1E5CDA4E}.Release|Any CPU.ActiveCfg = Release|Any CPU
		{4A3DE1BB-2DD9-C462-B30A-7EEE1E5CDA4E}.Release|Any CPU.Build.0 = Release|Any CPU
		{E98F36DD-0DE5-EDB5-E6A5-1035EB0ECF33}.Debug|Any CPU.ActiveCfg = Debug|Any CPU
		{E98F36DD-0DE5-EDB5-E6A5-1035EB0ECF33}.Debug|Any CPU.Build.0 = Debug|Any CPU
		{E98F36DD-0DE5-EDB5-E6A5-1035EB0ECF33}.Release|Any CPU.ActiveCfg = Release|Any CPU
		{E98F36DD-0DE5-EDB5-E6A5-1035EB0ECF33}.Release|Any CPU.Build.0 = Release|Any CPU
		{39217C99-96B2-1B74-EEBE-04BEB9AA2F80}.Debug|Any CPU.ActiveCfg = Debug|Any CPU
		{39217C99-96B2-1B74-EEBE-04BEB9AA2F80}.Debug|Any CPU.Build.0 = Debug|Any CPU
		{39217C99-96B2-1B74-EEBE-04BEB9AA2F80}.Release|Any CPU.ActiveCfg = Release|Any CPU
		{39217C99-96B2-1B74-EEBE-04BEB9AA2F80}.Release|Any CPU.Build.0 = Release|Any CPU
		{999935FD-AD76-E03B-8DC3-5766A8446569}.Debug|Any CPU.ActiveCfg = Debug|Any CPU
		{999935FD-AD76-E03B-8DC3-5766A8446569}.Debug|Any CPU.Build.0 = Debug|Any CPU
		{999935FD-AD76-E03B-8DC3-5766A8446569}.Release|Any CPU.ActiveCfg = Release|Any CPU
		{999935FD-AD76-E03B-8DC3-5766A8446569}.Release|Any CPU.Build.0 = Release|Any CPU
		{40C13029-9DFF-BBF8-8131-AEEB33C63487}.Debug|Any CPU.ActiveCfg = Debug|Any CPU
		{40C13029-9DFF-BBF8-8131-AEEB33C63487}.Debug|Any CPU.Build.0 = Debug|Any CPU
		{40C13029-9DFF-BBF8-8131-AEEB33C63487}.Release|Any CPU.ActiveCfg = Release|Any CPU
		{40C13029-9DFF-BBF8-8131-AEEB33C63487}.Release|Any CPU.Build.0 = Release|Any CPU
		{B62EEA29-1C31-96A9-6300-2AC5B5A457ED}.Debug|Any CPU.ActiveCfg = Debug|Any CPU
		{B62EEA29-1C31-96A9-6300-2AC5B5A457ED}.Debug|Any CPU.Build.0 = Debug|Any CPU
		{B62EEA29-1C31-96A9-6300-2AC5B5A457ED}.Release|Any CPU.ActiveCfg = Release|Any CPU
		{B62EEA29-1C31-96A9-6300-2AC5B5A457ED}.Release|Any CPU.Build.0 = Release|Any CPU
		{403FDDF5-B84F-88AA-223D-1E73325344DD}.Debug|Any CPU.ActiveCfg = Debug|Any CPU
		{403FDDF5-B84F-88AA-223D-1E73325344DD}.Debug|Any CPU.Build.0 = Debug|Any CPU
		{403FDDF5-B84F-88AA-223D-1E73325344DD}.Release|Any CPU.ActiveCfg = Release|Any CPU
		{403FDDF5-B84F-88AA-223D-1E73325344DD}.Release|Any CPU.Build.0 = Release|Any CPU
		{813503F4-55B9-A18B-CFFC-A3DCA53BC0C6}.Debug|Any CPU.ActiveCfg = Debug|Any CPU
		{813503F4-55B9-A18B-CFFC-A3DCA53BC0C6}.Debug|Any CPU.Build.0 = Debug|Any CPU
		{813503F4-55B9-A18B-CFFC-A3DCA53BC0C6}.Release|Any CPU.ActiveCfg = Release|Any CPU
		{813503F4-55B9-A18B-CFFC-A3DCA53BC0C6}.Release|Any CPU.Build.0 = Release|Any CPU
		{5EE5B4E1-34B4-3CD9-1817-48A4BC367855}.Debug|Any CPU.ActiveCfg = Debug|Any CPU
		{5EE5B4E1-34B4-3CD9-1817-48A4BC367855}.Debug|Any CPU.Build.0 = Debug|Any CPU
		{5EE5B4E1-34B4-3CD9-1817-48A4BC367855}.Release|Any CPU.ActiveCfg = Release|Any CPU
		{5EE5B4E1-34B4-3CD9-1817-48A4BC367855}.Release|Any CPU.Build.0 = Release|Any CPU
		{16425678-1513-0350-5D69-3EDB4B4629EB}.Debug|Any CPU.ActiveCfg = Debug|Any CPU
		{16425678-1513-0350-5D69-3EDB4B4629EB}.Debug|Any CPU.Build.0 = Debug|Any CPU
		{16425678-1513-0350-5D69-3EDB4B4629EB}.Release|Any CPU.ActiveCfg = Release|Any CPU
		{16425678-1513-0350-5D69-3EDB4B4629EB}.Release|Any CPU.Build.0 = Release|Any CPU
	EndGlobalSection
	GlobalSection(SolutionProperties) = preSolution
		HideSolutionNode = FALSE
	EndGlobalSection
EndGlobal
